{
  "name": "vegitable_online_order",
  "version": "0.1.0",
  "lockfileVersion": 1,
  "requires": true,
  "dependencies": {
    "@microsoft/load-themed-styles": {
      "version": "1.10.26",
      "resolved": "https://registry.npmjs.org/@microsoft/load-themed-styles/-/load-themed-styles-1.10.26.tgz",
      "integrity": "sha512-N//pFTBL/iCSrMuDoLvBLpgGjlk+MgKX2kyFI3bJVb+LRozeyWCOZVRcR8aMKiYHdqwy5isu2Frp8drvWx7RbA==",
      "dev": true
    },
    "@uifabric/foundation": {
      "version": "7.5.0",
      "resolved": "https://registry.npmjs.org/@uifabric/foundation/-/foundation-7.5.0.tgz",
      "integrity": "sha512-eymMyV3e+MFCkcfC1AFIAzVP/h6/QvDcYb1l6K3IaG1QG47ZwijJJXseEvNDjimfUiJhez9H7cSsRZPIIJ5MaQ==",
      "dev": true,
      "requires": {
        "@uifabric/merge-styles": "7.8.1",
        "@uifabric/set-version": "7.0.2",
        "@uifabric/styling": "7.7.4",
        "@uifabric/utilities": "7.8.0",
        "tslib": "1.10.0"
      }
    },
    "@uifabric/icons": {
      "version": "7.3.0",
      "resolved": "https://registry.npmjs.org/@uifabric/icons/-/icons-7.3.0.tgz",
      "integrity": "sha512-wbcR8fJce20sPjsK2bbTC/cAZfAOFuE4dd4LHw194+8H+/dqotsowrQVp5Lu8aaHGQk+fXoiZmUy30WA9cAG4Q==",
      "dev": true,
      "requires": {
        "@uifabric/set-version": "7.0.2",
        "@uifabric/styling": "7.7.4",
        "tslib": "1.10.0"
      }
    },
    "@uifabric/merge-styles": {
      "version": "7.8.1",
      "resolved": "https://registry.npmjs.org/@uifabric/merge-styles/-/merge-styles-7.8.1.tgz",
      "integrity": "sha512-DJBXNsYfrYQ3wCjOE197JqXTkqwfPlGJhQkhYMBwO76ovKBQyJxT8m6NL8og5F9blnIBdCJPrvRUz/21/WlUGg==",
      "dev": true,
      "requires": {
        "@uifabric/set-version": "7.0.2",
        "tslib": "1.10.0"
      }
    },
    "@uifabric/react-hooks": {
      "version": "7.0.1",
      "resolved": "https://registry.npmjs.org/@uifabric/react-hooks/-/react-hooks-7.0.1.tgz",
      "integrity": "sha512-cIr/ToLvc48D7A+XJrH/rHmSa/YmonvyFGHykFqHKiFSYiGKvc50GIyRJ/gkOUDuaaYVThWRwBQNOIMr3iFCYA==",
      "dev": true,
      "requires": {
        "@uifabric/set-version": "7.0.2",
        "@uifabric/utilities": "7.8.0",
        "tslib": "1.10.0"
      }
    },
    "@uifabric/set-version": {
      "version": "7.0.2",
      "resolved": "https://registry.npmjs.org/@uifabric/set-version/-/set-version-7.0.2.tgz",
      "integrity": "sha512-3mQp7gqPOqphwX74j+N/lJEFeivKPv8ryY9QFXUxVPnrXNwpIkDW9Wk6CPqArzgGvQngRRKYD/PcyP5iuHN52A==",
      "dev": true,
      "requires": {
        "tslib": "1.10.0"
      }
    },
    "@uifabric/styling": {
      "version": "7.7.4",
      "resolved": "https://registry.npmjs.org/@uifabric/styling/-/styling-7.7.4.tgz",
      "integrity": "sha512-lwua0sNRHOaNgf5b8l8y3SQNir+k2WhT61ycXXvTqdWCoPw4O8MJjiGgdAtymSJsxD4RG0ES5AIUYxbE4K8Lqg==",
      "dev": true,
      "requires": {
        "@microsoft/load-themed-styles": "1.10.26",
        "@uifabric/merge-styles": "7.8.1",
        "@uifabric/set-version": "7.0.2",
        "@uifabric/utilities": "7.8.0",
        "tslib": "1.10.0"
      }
    },
    "@uifabric/utilities": {
      "version": "7.8.0",
      "resolved": "https://registry.npmjs.org/@uifabric/utilities/-/utilities-7.8.0.tgz",
      "integrity": "sha512-ow3v9arBhe5C8GvklIuqD3PZMSNnY04HC7JoQVW301Q/gH+BGVECLTBzrFm/m66GCetMksDOMnkoBQSk0poPOQ==",
      "dev": true,
      "requires": {
        "@uifabric/merge-styles": "7.8.1",
        "@uifabric/set-version": "7.0.2",
        "prop-types": "15.7.2",
        "tslib": "1.10.0"
      }
    },
    "big.js": {
      "version": "5.2.2",
      "resolved": "https://registry.npmjs.org/big.js/-/big.js-5.2.2.tgz",
      "integrity": "sha512-vyL2OymJxmarO8gxMr0mhChsO9QGwhynfuu4+MHTAW6czfq9humCB7rKpUjDd9YUiDPU4mzpyupFSvOClAwbmQ==",
      "dev": true
    },
    "clone": {
      "version": "2.1.2",
      "resolved": "https://registry.npmjs.org/clone/-/clone-2.1.2.tgz",
      "integrity": "sha1-G39Ln1kfHo+DZwQBYANFoCiHQ18=",
      "dev": true
    },
    "emojis-list": {
      "version": "2.1.0",
      "resolved": "https://registry.npmjs.org/emojis-list/-/emojis-list-2.1.0.tgz",
      "integrity": "sha1-TapNnbAPmBmIDHn6RXrlsJof04k=",
      "dev": true
    },
    "js-tokens": {
      "version": "4.0.0",
      "resolved": "https://registry.npmjs.org/js-tokens/-/js-tokens-4.0.0.tgz",
      "integrity": "sha512-RdJUflcE3cUzKiMqQgsCu06FPu9UdIJO0beYbPhHN4k6apgJtifcoCtT9bcxOpYBtpD2kCM6Sbzg4CausW/PKQ==",
      "dev": true
    },
    "json5": {
      "version": "1.0.1",
      "resolved": "https://registry.npmjs.org/json5/-/json5-1.0.1.tgz",
      "integrity": "sha512-aKS4WQjPenRxiQsC93MNfjx+nbF4PAdYzmd/1JIj8HYzqfbu86beTuNgXDzPknWk0n0uARlyewZo4s++ES36Ow==",
      "dev": true,
      "requires": {
        "minimist": "1.2.0"
      }
    },
    "less-loader": {
      "version": "5.0.0",
      "resolved": "https://registry.npmjs.org/less-loader/-/less-loader-5.0.0.tgz",
      "integrity": "sha512-bquCU89mO/yWLaUq0Clk7qCsKhsF/TZpJUzETRvJa9KSVEL9SO3ovCvdEHISBhrC81OwC8QSVX7E0bzElZj9cg==",
      "dev": true,
      "requires": {
        "clone": "2.1.2",
        "loader-utils": "1.2.3",
        "pify": "4.0.1"
      }
    },
    "loader-utils": {
      "version": "1.2.3",
      "resolved": "https://registry.npmjs.org/loader-utils/-/loader-utils-1.2.3.tgz",
      "integrity": "sha512-fkpz8ejdnEMG3s37wGL07iSBDg99O9D5yflE9RGNH3hRdx9SOwYfnGYdZOUIZitN8E+E2vkq3MUMYMvPYl5ZZA==",
      "dev": true,
      "requires": {
        "big.js": "5.2.2",
        "emojis-list": "2.1.0",
        "json5": "1.0.1"
      }
    },
    "loose-envify": {
      "version": "1.4.0",
      "resolved": "https://registry.npmjs.org/loose-envify/-/loose-envify-1.4.0.tgz",
      "integrity": "sha512-lyuxPGr/Wfhrlem2CL/UcnUc1zcqKAImBDzukY7Y5F/yQiNdko6+fRLevlw1HgMySw7f611UIY408EtxRSoK3Q==",
      "dev": true,
      "requires": {
        "js-tokens": "4.0.0"
      }
    },
    "minimist": {
      "version": "1.2.0",
      "resolved": "https://registry.npmjs.org/minimist/-/minimist-1.2.0.tgz",
      "integrity": "sha1-o1AIsg9BOD7sH7kU9M1d95omQoQ=",
      "dev": true
    },
    "node-less": {
      "version": "1.0.0",
      "resolved": "https://registry.npmjs.org/node-less/-/node-less-1.0.0.tgz",
      "integrity": "sha1-SEPfFJxRDoXYwV9ENO2AO3NrgCk=",
      "dev": true
    },
    "object-assign": {
      "version": "4.1.1",
      "resolved": "https://registry.npmjs.org/object-assign/-/object-assign-4.1.1.tgz",
      "integrity": "sha1-IQmtx5ZYh8/AXLvUQsrIv7s2CGM=",
      "dev": true
    },
    "office-ui-fabric-react": {
      "version": "7.76.1",
      "resolved": "https://registry.npmjs.org/office-ui-fabric-react/-/office-ui-fabric-react-7.76.1.tgz",
      "integrity": "sha512-wOsnQYXfoxkbp7AVDxZv2NOMER3/OAWoRRXt68j4AVarF+KGygrjAMtpun/1J2ewAGOsPlo6IEZc5/9uiu53fg==",
      "dev": true,
      "requires": {
        "@microsoft/load-themed-styles": "1.10.26",
        "@uifabric/foundation": "7.5.0",
        "@uifabric/icons": "7.3.0",
        "@uifabric/merge-styles": "7.8.1",
        "@uifabric/react-hooks": "7.0.1",
        "@uifabric/set-version": "7.0.2",
        "@uifabric/styling": "7.7.4",
        "@uifabric/utilities": "7.8.0",
        "prop-types": "15.7.2",
        "tslib": "1.10.0"
      }
    },
    "pify": {
      "version": "4.0.1",
      "resolved": "https://registry.npmjs.org/pify/-/pify-4.0.1.tgz",
      "integrity": "sha512-uB80kBFb/tfd68bVleG9T5GGsGPjJrLAUpR5PZIrhBnIaRTQRjqdJSsIKkOP6OAIFbj7GOrcudc5pNjZ+geV2g==",
      "dev": true
    },
    "prettier": {
      "version": "1.19.1",
      "resolved": "https://registry.npmjs.org/prettier/-/prettier-1.19.1.tgz",
      "integrity": "sha512-s7PoyDv/II1ObgQunCbB9PdLmUcBZcnWOcxDh7O0N/UwDEsHyqkW+Qh28jW+mVuCdx7gLB0BotYI1Y6uI9iyew==",
      "dev": true
    },
    "prop-types": {
      "version": "15.7.2",
      "resolved": "https://registry.npmjs.org/prop-types/-/prop-types-15.7.2.tgz",
      "integrity": "sha512-8QQikdH7//R2vurIJSutZ1smHYTcLpRWEOlHnzcWHmBYrOGUysKwSsrC89BCiFj3CbrfJ/nXFdJepOVrY1GCHQ==",
      "dev": true,
      "requires": {
        "loose-envify": "1.4.0",
        "object-assign": "4.1.1",
        "react-is": "16.12.0"
      }
    },
    "react-is": {
      "version": "16.12.0",
      "resolved": "https://registry.npmjs.org/react-is/-/react-is-16.12.0.tgz",
      "integrity": "sha512-rPCkf/mWBtKc97aLL9/txD8DZdemK0vkA3JMLShjlJB3Pj3s+lpf1KaBzMfQrAmhMQB0n1cU/SUGgKKBCe837Q==",
      "dev": true
    },
    "tslib": {
      "version": "1.10.0",
      "resolved": "https://registry.npmjs.org/tslib/-/tslib-1.10.0.tgz",
      "integrity": "sha512-qOebF53frne81cf0S9B41ByenJ3/IuH8yJKngAX35CmiZySA0khhkovshKK+jGCaMnVomla7gVlIcc3EvKPbTQ==",
      "dev": true
    }
  }
}
